<?xml version="1.0" encoding="utf-8"?>
<Project ToolsVersion="4.0" xmlns="http://schemas.microsoft.com/developer/msbuild/2003">
  <ItemGroup>
    <Filter Include="Source Files">
      <UniqueIdentifier>{4FC737F1-C7A5-4376-A066-2A32D752A2FF}</UniqueIdentifier>
      <Extensions>cpp;c;cc;cxx;c++;cppm;ixx;def;odl;idl;hpj;bat;asm;asmx</Extensions>
    </Filter>
    <Filter Include="Header Files">
      <UniqueIdentifier>{93995380-89BD-4b04-88EB-625FBE52EBFB}</UniqueIdentifier>
      <Extensions>h;hh;hpp;hxx;h++;hm;inl;inc;ipp;xsd</Extensions>
    </Filter>
    <Filter Include="Resource Files">
      <UniqueIdentifier>{67DA6AB6-F800-4c08-8B7A-83BB121AAD01}</UniqueIdentifier>
      <Extensions>rc;ico;cur;bmp;dlg;rc2;rct;bin;rgs;gif;jpg;jpeg;jpe;resx;tiff;tif;png;wav;mfcribbon-ms</Extensions>
    </Filter>
    <Filter Include="Github">
      <UniqueIdentifier>{6fd16242-de77-4994-8547-0a69346d6b4d}</UniqueIdentifier>
    </Filter>
    <Filter Include="ThirdParties">
      <UniqueIdentifier>{af461be7-4e5f-4e70-bd46-9c6461bc5004}</UniqueIdentifier>
    </Filter>
    <Filter Include="ThirdParties\DearImGUI">
      <UniqueIdentifier>{0efe7cfe-07d3-4ad3-88d1-35fda2050b20}</UniqueIdentifier>
    </Filter>
    <Filter Include="Source Files\app">
      <UniqueIdentifier>{c2f695cd-4aa0-46a7-aef1-ea19ddb581cd}</UniqueIdentifier>
    </Filter>
    <Filter Include="Source Files\utils">
      <UniqueIdentifier>{69e058cd-e55d-41ff-bea1-b50974de5a3f}</UniqueIdentifier>
    </Filter>
    <Filter Include="ThirdParties\HelpersFunc">
      <UniqueIdentifier>{5c68f707-4183-42b1-8d90-1a8dcf2e079e}</UniqueIdentifier>
    </Filter>
  </ItemGroup>
  <ItemGroup>
    <ClCompile Include="src\main.cpp">
      <Filter>Source Files</Filter>
    </ClCompile>
    <ClCompile Include="src\D3D12TemplateApp.cpp">
      <Filter>Source Files\app</Filter>
    </ClCompile>
    <ClCompile Include="ThirdParties\DearImGUI\imgui.cpp">
      <Filter>ThirdParties\DearImGUI</Filter>
    </ClCompile>
    <ClCompile Include="ThirdParties\DearImGUI\imgui_demo.cpp">
      <Filter>ThirdParties\DearImGUI</Filter>
    </ClCompile>
    <ClCompile Include="ThirdParties\DearImGUI\imgui_draw.cpp">
      <Filter>ThirdParties\DearImGUI</Filter>
    </ClCompile>
    <ClCompile Include="ThirdParties\DearImGUI\imgui_impl_dx12.cpp">
      <Filter>ThirdParties\DearImGUI</Filter>
    </ClCompile>
    <ClCompile Include="ThirdParties\DearImGUI\imgui_impl_win32.cpp">
      <Filter>ThirdParties\DearImGUI</Filter>
    </ClCompile>
    <ClCompile Include="ThirdParties\DearImGUI\imgui_tables.cpp">
      <Filter>ThirdParties\DearImGUI</Filter>
    </ClCompile>
    <ClCompile Include="ThirdParties\DearImGUI\imgui_widgets.cpp">
      <Filter>ThirdParties\DearImGUI</Filter>
    </ClCompile>
    <ClCompile Include="src\D3D12App.cpp">
      <Filter>Source Files\app</Filter>
    </ClCompile>
  </ItemGroup>
  <ItemGroup>
    <ClInclude Include="src\D3D12App.h">
      <Filter>Source Files\app</Filter>
    </ClInclude>
    <ClInclude Include="src\D3D12TemplateApp.h">
      <Filter>Source Files\app</Filter>
    </ClInclude>
    <ClInclude Include="src\d3d12Util.h">
      <Filter>Source Files\utils</Filter>
    </ClInclude>
    <ClInclude Include="ThirdParties\DearImGUI\imconfig.h">
      <Filter>ThirdParties\DearImGUI</Filter>
    </ClInclude>
    <ClInclude Include="ThirdParties\DearImGUI\imgui.h">
      <Filter>ThirdParties\DearImGUI</Filter>
    </ClInclude>
    <ClInclude Include="ThirdParties\DearImGUI\imgui_impl_dx12.h">
      <Filter>ThirdParties\DearImGUI</Filter>
    </ClInclude>
    <ClInclude Include="ThirdParties\DearImGUI\imgui_impl_win32.h">
      <Filter>ThirdParties\DearImGUI</Filter>
    </ClInclude>
    <ClInclude Include="ThirdParties\DearImGUI\imgui_internal.h">
      <Filter>ThirdParties\DearImGUI</Filter>
    </ClInclude>
    <ClInclude Include="ThirdParties\DearImGUI\imstb_rectpack.h">
      <Filter>ThirdParties\DearImGUI</Filter>
    </ClInclude>
    <ClInclude Include="ThirdParties\DearImGUI\imstb_textedit.h">
      <Filter>ThirdParties\DearImGUI</Filter>
    </ClInclude>
    <ClInclude Include="ThirdParties\DearImGUI\imstb_truetype.h">
      <Filter>ThirdParties\DearImGUI</Filter>
    </ClInclude>
    <ClInclude Include="ThirdParties\Dx12Helper\d3dx12.h">
      <Filter>ThirdParties\HelpersFunc</Filter>
    </ClInclude>
  </ItemGroup>
  <ItemGroup>
    <None Include=".gitignore">
      <Filter>Github</Filter>
    </None>
    <None Include="ThirdParties\DearImGUI\imgui.ini">
      <Filter>ThirdParties\DearImGUI</Filter>
    </None>
  </ItemGroup>
</Project>